
Microsoft Visual Studio Solution File, Format Version 12.00
# Visual Studio Version 16
VisualStudioVersion = 16.0.31019.35
MinimumVisualStudioVersion = 10.0.40219.1
Project("{FAE04EC0-301F-11D3-BF4B-00C04F79EFBC}") = "AuthenticationXam", "AuthenticationXam\AuthenticationXam\AuthenticationXam.csproj", "{46CA390F-B794-4B11-8DEC-49E81A43EE52}"
EndProject
Project("{FAE04EC0-301F-11D3-BF4B-00C04F79EFBC}") = "AuthenticationXam.Android", "AuthenticationXam\AuthenticationXam.Android\AuthenticationXam.Android.csproj", "{60789D33-DED1-450B-BE54-68C2FBEA4155}"
EndProject
Project("{FAE04EC0-301F-11D3-BF4B-00C04F79EFBC}") = "AuthenticationXam.iOS", "AuthenticationXam\AuthenticationXam.iOS\AuthenticationXam.iOS.csproj", "{C2362887-19F8-439C-B350-980050D5A639}"
EndProject
Global
	GlobalSection(SolutionConfigurationPlatforms) = preSolution
		Ad-Hoc|Any CPU = Ad-Hoc|Any CPU
		Ad-Hoc|iPhone = Ad-Hoc|iPhone
		Ad-Hoc|iPhoneSimulator = Ad-Hoc|iPhoneSimulator
		AppStore|Any CPU = AppStore|Any CPU
		AppStore|iPhone = AppStore|iPhone
		AppStore|iPhoneSimulator = AppStore|iPhoneSimulator
		Debug|Any CPU = Debug|Any CPU
		Debug|iPhone = Debug|iPhone
		Debug|iPhoneSimulator = Debug|iPhoneSimulator
		Release|Any CPU = Release|Any CPU
		Release|iPhone = Release|iPhone
		Release|iPhoneSimulator = Release|iPhoneSimulator
	EndGlobalSection
	GlobalSection(ProjectConfigurationPlatforms) = postSolution
		{46CA390F-B794-4B11-8DEC-49E81A43EE52}.Ad-Hoc|Any CPU.ActiveCfg = Debug|Any CPU
		{46CA390F-B794-4B11-8DEC-49E81A43EE52}.Ad-Hoc|Any CPU.Build.0 = Debug|Any CPU
		{46CA390F-B794-4B11-8DEC-49E81A43EE52}.Ad-Hoc|iPhone.ActiveCfg = Debug|Any CPU
		{46CA390F-B794-4B11-8DEC-49E81A43EE52}.Ad-Hoc|iPhone.Build.0 = Debug|Any CPU
		{46CA390F-B794-4B11-8DEC-49E81A43EE52}.Ad-Hoc|iPhoneSimulator.ActiveCfg = Debug|Any CPU
		{46CA390F-B794-4B11-8DEC-49E81A43EE52}.Ad-Hoc|iPhoneSimulator.Build.0 = Debug|Any CPU
		{46CA390F-B794-4B11-8DEC-49E81A43EE52}.AppStore|Any CPU.ActiveCfg = Debug|Any CPU
		{46CA390F-B794-4B11-8DEC-49E81A43EE52}.AppStore|Any CPU.Build.0 = Debug|Any CPU
		{46CA390F-B794-4B11-8DEC-49E81A43EE52}.AppStore|iPhone.ActiveCfg = Debug|Any CPU
		{46CA390F-B794-4B11-8DEC-49E81A43EE52}.AppStore|iPhone.Build.0 = Debug|Any CPU
		{46CA390F-B794-4B11-8DEC-49E81A43EE52}.AppStore|iPhoneSimulator.ActiveCfg = Debug|Any CPU
		{46CA390F-B794-4B11-8DEC-49E81A43EE52}.AppStore|iPhoneSimulator.Build.0 = Debug|Any CPU
		{46CA390F-B794-4B11-8DEC-49E81A43EE52}.Debug|Any CPU.ActiveCfg = Debug|Any CPU
		{46CA390F-B794-4B11-8DEC-49E81A43EE52}.Debug|Any CPU.Build.0 = Debug|Any CPU
		{46CA390F-B794-4B11-8DEC-49E81A43EE52}.Debug|iPhone.ActiveCfg = Debug|Any CPU
		{46CA390F-B794-4B11-8DEC-49E81A43EE52}.Debug|iPhone.Build.0 = Debug|Any CPU
		{46CA390F-B794-4B11-8DEC-49E81A43EE52}.Debug|iPhoneSimulator.ActiveCfg = Debug|Any CPU
		{46CA390F-B794-4B11-8DEC-49E81A43EE52}.Debug|iPhoneSimulator.Build.0 = Debug|Any CPU
		{46CA390F-B794-4B11-8DEC-49E81A43EE52}.Release|Any CPU.ActiveCfg = Release|Any CPU
		{46CA390F-B794-4B11-8DEC-49E81A43EE52}.Release|Any CPU.Build.0 = Release|Any CPU
		{46CA390F-B794-4B11-8DEC-49E81A43EE52}.Release|iPhone.ActiveCfg = Release|Any CPU
		{46CA390F-B794-4B11-8DEC-49E81A43EE52}.Release|iPhone.Build.0 = Release|Any CPU
		{46CA390F-B794-4B11-8DEC-49E81A43EE52}.Release|iPhoneSimulator.ActiveCfg = Release|Any CPU
		{46CA390F-B794-4B11-8DEC-49E81A43EE52}.Release|iPhoneSimulator.Build.0 = Release|Any CPU
		{60789D33-DED1-450B-BE54-68C2FBEA4155}.Ad-Hoc|Any CPU.ActiveCfg = Debug|Any CPU
		{60789D33-DED1-450B-BE54-68C2FBEA4155}.Ad-Hoc|Any CPU.Build.0 = Debug|Any CPU
		{60789D33-DED1-450B-BE54-68C2FBEA4155}.Ad-Hoc|Any CPU.Deploy.0 = Debug|Any CPU
		{60789D33-DED1-450B-BE54-68C2FBEA4155}.Ad-Hoc|iPhone.ActiveCfg = Debug|Any CPU
		{60789D33-DED1-450B-BE54-68C2FBEA4155}.Ad-Hoc|iPhone.Build.0 = Debug|Any CPU
		{60789D33-DED1-450B-BE54-68C2FBEA4155}.Ad-Hoc|iPhone.Deploy.0 = Debug|Any CPU
		{60789D33-DED1-450B-BE54-68C2FBEA4155}.Ad-Hoc|iPhoneSimulator.ActiveCfg = Debug|Any CPU
		{60789D33-DED1-450B-BE54-68C2FBEA4155}.Ad-Hoc|iPhoneSimulator.Build.0 = Debug|Any CPU
		{60789D33-DED1-450B-BE54-68C2FBEA4155}.Ad-Hoc|iPhoneSimulator.Deploy.0 = Debug|Any CPU
		{60789D33-DED1-450B-BE54-68C2FBEA4155}.AppStore|Any CPU.ActiveCfg = Debug|Any CPU
		{60789D33-DED1-450B-BE54-68C2FBEA4155}.AppStore|Any CPU.Build.0 = Debug|Any CPU
		{60789D33-DED1-450B-BE54-68C2FBEA4155}.AppStore|Any CPU.Deploy.0 = Debug|Any CPU
		{60789D33-DED1-450B-BE54-68C2FBEA4155}.AppStore|iPhone.ActiveCfg = Debug|Any CPU
		{60789D33-DED1-450B-BE54-68C2FBEA4155}.AppStore|iPhone.Build.0 = Debug|Any CPU
		{60789D33-DED1-450B-BE54-68C2FBEA4155}.AppStore|iPhone.Deploy.0 = Debug|Any CPU
		{60789D33-DED1-450B-BE54-68C2FBEA4155}.AppStore|iPhoneSimulator.ActiveCfg = Debug|Any CPU
		{60789D33-DED1-450B-BE54-68C2FBEA4155}.AppStore|iPhoneSimulator.Build.0 = Debug|Any CPU
		{60789D33-DED1-450B-BE54-68C2FBEA4155}.AppStore|iPhoneSimulator.Deploy.0 = Debug|Any CPU
		{60789D33-DED1-450B-BE54-68C2FBEA4155}.Debug|Any CPU.ActiveCfg = Debug|Any CPU
		{60789D33-DED1-450B-BE54-68C2FBEA4155}.Debug|Any CPU.Build.0 = Debug|Any CPU
		{60789D33-DED1-450B-BE54-68C2FBEA4155}.Debug|Any CPU.Deploy.0 = Debug|Any CPU
		{60789D33-DED1-450B-BE54-68C2FBEA4155}.Debug|iPhone.ActiveCfg = Debug|Any CPU
		{60789D33-DED1-450B-BE54-68C2FBEA4155}.Debug|iPhone.Build.0 = Debug|Any CPU
		{60789D33-DED1-450B-BE54-68C2FBEA4155}.Debug|iPhone.Deploy.0 = Debug|Any CPU
		{60789D33-DED1-450B-BE54-68C2FBEA4155}.Debug|iPhoneSimulator.ActiveCfg = Debug|Any CPU
		{60789D33-DED1-450B-BE54-68C2FBEA4155}.Debug|iPhoneSimulator.Build.0 = Debug|Any CPU
		{60789D33-DED1-450B-BE54-68C2FBEA4155}.Debug|iPhoneSimulator.Deploy.0 = Debug|Any CPU
		{60789D33-DED1-450B-BE54-68C2FBEA4155}.Release|Any CPU.ActiveCfg = Release|Any CPU
		{60789D33-DED1-450B-BE54-68C2FBEA4155}.Release|Any CPU.Build.0 = Release|Any CPU
		{60789D33-DED1-450B-BE54-68C2FBEA4155}.Release|Any CPU.Deploy.0 = Release|Any CPU
		{60789D33-DED1-450B-BE54-68C2FBEA4155}.Release|iPhone.ActiveCfg = Release|Any CPU
		{60789D33-DED1-450B-BE54-68C2FBEA4155}.Release|iPhone.Build.0 = Release|Any CPU
		{60789D33-DED1-450B-BE54-68C2FBEA4155}.Release|iPhone.Deploy.0 = Release|Any CPU
		{60789D33-DED1-450B-BE54-68C2FBEA4155}.Release|iPhoneSimulator.ActiveCfg = Release|Any CPU
		{60789D33-DED1-450B-BE54-68C2FBEA4155}.Release|iPhoneSimulator.Build.0 = Release|Any CPU
		{60789D33-DED1-450B-BE54-68C2FBEA4155}.Release|iPhoneSimulator.Deploy.0 = Release|Any CPU
		{C2362887-19F8-439C-B350-980050D5A639}.Ad-Hoc|Any CPU.ActiveCfg = Ad-Hoc|iPhoneSimulator
		{C2362887-19F8-439C-B350-980050D5A639}.Ad-Hoc|iPhone.ActiveCfg = Ad-Hoc|iPhone
		{C2362887-19F8-439C-B350-980050D5A639}.Ad-Hoc|iPhone.Build.0 = Ad-Hoc|iPhone
		{C2362887-19F8-439C-B350-980050D5A639}.Ad-Hoc|iPhoneSimulator.ActiveCfg = Ad-Hoc|iPhoneSimulator
		{C2362887-19F8-439C-B350-980050D5A639}.Ad-Hoc|iPhoneSimulator.Build.0 = Ad-Hoc|iPhoneSimulator
		{C2362887-19F8-439C-B350-980050D5A639}.AppStore|Any CPU.ActiveCfg = AppStore|iPhoneSimulator
		{C2362887-19F8-439C-B350-980050D5A639}.AppStore|iPhone.ActiveCfg = AppStore|iPhone
		{C2362887-19F8-439C-B350-980050D5A639}.AppStore|iPhone.Build.0 = AppStore|iPhone
		{C2362887-19F8-439C-B350-980050D5A639}.AppStore|iPhoneSimulator.ActiveCfg = AppStore|iPhoneSimulator
		{C2362887-19F8-439C-B350-980050D5A639}.AppStore|iPhoneSimulator.Build.0 = AppStore|iPhoneSimulator
		{C2362887-19F8-439C-B350-980050D5A639}.Debug|Any CPU.ActiveCfg = Debug|iPhoneSimulator
		{C2362887-19F8-439C-B350-980050D5A639}.Debug|iPhone.ActiveCfg = Debug|iPhone
		{C2362887-19F8-439C-B350-980050D5A639}.Debug|iPhone.Build.0 = Debug|iPhone
		{C2362887-19F8-439C-B350-980050D5A639}.Debug|iPhoneSimulator.ActiveCfg = Debug|iPhoneSimulator
		{C2362887-19F8-439C-B350-980050D5A639}.Debug|iPhoneSimulator.Build.0 = Debug|iPhoneSimulator
		{C2362887-19F8-439C-B350-980050D5A639}.Release|Any CPU.ActiveCfg = Release|iPhoneSimulator
		{C2362887-19F8-439C-B350-980050D5A639}.Release|iPhone.ActiveCfg = Release|iPhone
		{C2362887-19F8-439C-B350-980050D5A639}.Release|iPhone.Build.0 = Release|iPhone
		{C2362887-19F8-439C-B350-980050D5A639}.Release|iPhoneSimulator.ActiveCfg = Release|iPhoneSimulator
		{C2362887-19F8-439C-B350-980050D5A639}.Release|iPhoneSimulator.Build.0 = Release|iPhoneSimulator
	EndGlobalSection
	GlobalSection(SolutionProperties) = preSolution
		HideSolutionNode = FALSE
	EndGlobalSection
	GlobalSection(ExtensibilityGlobals) = postSolution
		SolutionGuid = {D3BCD0C9-A5EF-4D64-9D46-4E6B1992F1FC}
	EndGlobalSection
EndGlobal
